
Microsoft Visual Studio Solution File, Format Version 12.00
# Visual Studio Version 16
VisualStudioVersion = 16.0.30011.22
MinimumVisualStudioVersion = 10.0.40219.1
Project("{FAE04EC0-301F-11D3-BF4B-00C04F79EFBC}") = "Day08WebApplication1", "Day08WebApplication1\Day08WebApplication1.csproj", "{AC706998-8F59-485F-A308-22411F0AC664}"
EndProject
Global
	GlobalSection(SolutionConfigurationPlatforms) = preSolution
		Debug|Any CPU = Debug|Any CPU
		Release|Any CPU = Release|Any CPU
	EndGlobalSection
	GlobalSection(ProjectConfigurationPlatforms) = postSolution
		{AC706998-8F59-485F-A308-22411F0AC664}.Debug|Any CPU.ActiveCfg = Debug|Any CPU
		{AC706998-8F59-485F-A308-22411F0AC664}.Debug|Any CPU.Build.0 = Debug|Any CPU
		{AC706998-8F59-485F-A308-22411F0AC664}.Release|Any CPU.ActiveCfg = Release|Any CPU
		{AC706998-8F59-485F-A308-22411F0AC664}.Release|Any CPU.Build.0 = Release|Any CPU
	EndGlobalSection
	GlobalSection(SolutionProperties) = preSolution
		HideSolutionNode = FALSE
	EndGlobalSection
	GlobalSection(ExtensibilityGlobals) = postSolution
		SolutionGuid = {D381B042-8D1B-4CD0-800D-E98C3B0B9A00}
	EndGlobalSection
EndGlobal
