
Microsoft Visual Studio Solution File, Format Version 12.00
# Visual Studio Version 16
VisualStudioVersion = 16.0.30011.22
MinimumVisualStudioVersion = 10.0.40219.1
Project("{FAE04EC0-301F-11D3-BF4B-00C04F79EFBC}") = "Day07-MVC", "Day07-MVC\Day07-MVC.csproj", "{DA989A21-6607-4C8F-8553-FEEDCEA1F518}"
EndProject
Global
	GlobalSection(SolutionConfigurationPlatforms) = preSolution
		Debug|Any CPU = Debug|Any CPU
		Release|Any CPU = Release|Any CPU
	EndGlobalSection
	GlobalSection(ProjectConfigurationPlatforms) = postSolution
		{DA989A21-6607-4C8F-8553-FEEDCEA1F518}.Debug|Any CPU.ActiveCfg = Debug|Any CPU
		{DA989A21-6607-4C8F-8553-FEEDCEA1F518}.Debug|Any CPU.Build.0 = Debug|Any CPU
		{DA989A21-6607-4C8F-8553-FEEDCEA1F518}.Release|Any CPU.ActiveCfg = Release|Any CPU
		{DA989A21-6607-4C8F-8553-FEEDCEA1F518}.Release|Any CPU.Build.0 = Release|Any CPU
	EndGlobalSection
	GlobalSection(SolutionProperties) = preSolution
		HideSolutionNode = FALSE
	EndGlobalSection
	GlobalSection(ExtensibilityGlobals) = postSolution
		SolutionGuid = {28A485B9-36CB-43EF-8B0D-F3E721EBE389}
	EndGlobalSection
EndGlobal
